
Microsoft Visual Studio Solution File, Format Version 12.00
# Visual Studio Version 17
VisualStudioVersion = 17.2.32630.192
MinimumVisualStudioVersion = 10.0.40219.1
Project("{FAE04EC0-301F-11D3-BF4B-00C04F79EFBC}") = "electricconsumptioncalc", "electricconsumptioncalc\electricconsumptioncalc.csproj", "{742C173B-D966-4C9D-988B-B9E2932EE2ED}"
EndProject
Global
	GlobalSection(SolutionConfigurationPlatforms) = preSolution
		Debug|Any CPU = Debug|Any CPU
		Release|Any CPU = Release|Any CPU
	EndGlobalSection
	GlobalSection(ProjectConfigurationPlatforms) = postSolution
		{742C173B-D966-4C9D-988B-B9E2932EE2ED}.Debug|Any CPU.ActiveCfg = Debug|Any CPU
		{742C173B-D966-4C9D-988B-B9E2932EE2ED}.Debug|Any CPU.Build.0 = Debug|Any CPU
		{742C173B-D966-4C9D-988B-B9E2932EE2ED}.Release|Any CPU.ActiveCfg = Release|Any CPU
		{742C173B-D966-4C9D-988B-B9E2932EE2ED}.Release|Any CPU.Build.0 = Release|Any CPU
	EndGlobalSection
	GlobalSection(SolutionProperties) = preSolution
		HideSolutionNode = FALSE
	EndGlobalSection
	GlobalSection(ExtensibilityGlobals) = postSolution
		SolutionGuid = {67C3D275-8F69-4C87-AE57-9B9523B90286}
	EndGlobalSection
EndGlobal
